
Microsoft Visual Studio Solution File, Format Version 12.00
# Visual Studio 15
VisualStudioVersion = 15.0.27130.2036
MinimumVisualStudioVersion = 10.0.40219.1
Project("{FAE04EC0-301F-11D3-BF4B-00C04F79EFBC}") = "csharp_0430", "csharp_0430.csproj", "{0F9157A2-89B2-4D22-B67A-61B44D0236BD}"
EndProject
Global
	GlobalSection(SolutionConfigurationPlatforms) = preSolution
		Debug|Any CPU = Debug|Any CPU
		Release|Any CPU = Release|Any CPU
	EndGlobalSection
	GlobalSection(ProjectConfigurationPlatforms) = postSolution
		{0F9157A2-89B2-4D22-B67A-61B44D0236BD}.Debug|Any CPU.ActiveCfg = Debug|Any CPU
		{0F9157A2-89B2-4D22-B67A-61B44D0236BD}.Debug|Any CPU.Build.0 = Debug|Any CPU
		{0F9157A2-89B2-4D22-B67A-61B44D0236BD}.Release|Any CPU.ActiveCfg = Release|Any CPU
		{0F9157A2-89B2-4D22-B67A-61B44D0236BD}.Release|Any CPU.Build.0 = Release|Any CPU
	EndGlobalSection
	GlobalSection(SolutionProperties) = preSolution
		HideSolutionNode = FALSE
	EndGlobalSection
	GlobalSection(ExtensibilityGlobals) = postSolution
		SolutionGuid = {F44FD26D-22C7-4CB3-BE6D-7C9C85163AAE}
	EndGlobalSection
	GlobalSection(TeamFoundationVersionControl) = preSolution
		SccNumberOfProjects = 2
		SccEnterpriseProvider = {4CA58AB2-18FA-4F8D-95D4-32DDF27D184C}
		SccTeamFoundationServer = https://tfs.n-ware.hu/tfs/reaktorlabs
		SccLocalPath0 = .
		SccProjectUniqueName1 = csharp_0430.csproj
		SccLocalPath1 = .
	EndGlobalSection
EndGlobal
