
Microsoft Visual Studio Solution File, Format Version 12.00
# Visual Studio 15
VisualStudioVersion = 15.0.27428.2037
MinimumVisualStudioVersion = 10.0.40219.1
Project("{00D1A9C2-B5F0-4AF3-8072-F6C62B433612}") = "BankDB", "BankDB\BankDB.sqlproj", "{311C08BB-A593-41CF-979A-CDCB62CA360C}"
EndProject
Project("{FAE04EC0-301F-11D3-BF4B-00C04F79EFBC}") = "BankConsoleApp", "BankConsoleApp\BankConsoleApp.csproj", "{6317C5DD-1F3F-4B38-9FF8-74DEA593B3F2}"
EndProject
Global
	GlobalSection(SolutionConfigurationPlatforms) = preSolution
		Debug|Any CPU = Debug|Any CPU
		Release|Any CPU = Release|Any CPU
	EndGlobalSection
	GlobalSection(ProjectConfigurationPlatforms) = postSolution
		{311C08BB-A593-41CF-979A-CDCB62CA360C}.Debug|Any CPU.ActiveCfg = Debug|Any CPU
		{311C08BB-A593-41CF-979A-CDCB62CA360C}.Debug|Any CPU.Build.0 = Debug|Any CPU
		{311C08BB-A593-41CF-979A-CDCB62CA360C}.Debug|Any CPU.Deploy.0 = Debug|Any CPU
		{311C08BB-A593-41CF-979A-CDCB62CA360C}.Release|Any CPU.ActiveCfg = Release|Any CPU
		{311C08BB-A593-41CF-979A-CDCB62CA360C}.Release|Any CPU.Build.0 = Release|Any CPU
		{311C08BB-A593-41CF-979A-CDCB62CA360C}.Release|Any CPU.Deploy.0 = Release|Any CPU
		{6317C5DD-1F3F-4B38-9FF8-74DEA593B3F2}.Debug|Any CPU.ActiveCfg = Debug|Any CPU
		{6317C5DD-1F3F-4B38-9FF8-74DEA593B3F2}.Debug|Any CPU.Build.0 = Debug|Any CPU
		{6317C5DD-1F3F-4B38-9FF8-74DEA593B3F2}.Release|Any CPU.ActiveCfg = Release|Any CPU
		{6317C5DD-1F3F-4B38-9FF8-74DEA593B3F2}.Release|Any CPU.Build.0 = Release|Any CPU
	EndGlobalSection
	GlobalSection(SolutionProperties) = preSolution
		HideSolutionNode = FALSE
	EndGlobalSection
	GlobalSection(ExtensibilityGlobals) = postSolution
		SolutionGuid = {943B9261-E70D-4139-BC94-4DBE807C1598}
	EndGlobalSection
	GlobalSection(TeamFoundationVersionControl) = preSolution
		SccNumberOfProjects = 3
		SccEnterpriseProvider = {4CA58AB2-18FA-4F8D-95D4-32DDF27D184C}
		SccTeamFoundationServer = https://tfs.n-ware.hu/tfs/reaktorlabs
		SccLocalPath0 = .
		SccProjectUniqueName1 = BankDB\\BankDB.sqlproj
		SccProjectName1 = BankDB
		SccLocalPath1 = BankDB
		SccProjectUniqueName2 = BankConsoleApp\\BankConsoleApp.csproj
		SccProjectName2 = BankConsoleApp
		SccLocalPath2 = BankConsoleApp
	EndGlobalSection
EndGlobal
